
Microsoft Visual Studio Solution File, Format Version 12.00
# Visual Studio 15
VisualStudioVersion = 15.0.28307.136
MinimumVisualStudioVersion = 10.0.40219.1
Project("{FAE04EC0-301F-11D3-BF4B-00C04F79EFBC}") = "DungeonDice", "DungeonDice\DungeonDice.csproj", "{7ED23A88-8F9A-4644-A955-794F52DE2CEA}"
EndProject
Global
	GlobalSection(SolutionConfigurationPlatforms) = preSolution
		Debug|Any CPU = Debug|Any CPU
		Release|Any CPU = Release|Any CPU
	EndGlobalSection
	GlobalSection(ProjectConfigurationPlatforms) = postSolution
		{7ED23A88-8F9A-4644-A955-794F52DE2CEA}.Debug|Any CPU.ActiveCfg = Debug|Any CPU
		{7ED23A88-8F9A-4644-A955-794F52DE2CEA}.Debug|Any CPU.Build.0 = Debug|Any CPU
		{7ED23A88-8F9A-4644-A955-794F52DE2CEA}.Release|Any CPU.ActiveCfg = Release|Any CPU
		{7ED23A88-8F9A-4644-A955-794F52DE2CEA}.Release|Any CPU.Build.0 = Release|Any CPU
	EndGlobalSection
	GlobalSection(SolutionProperties) = preSolution
		HideSolutionNode = FALSE
	EndGlobalSection
	GlobalSection(ExtensibilityGlobals) = postSolution
		SolutionGuid = {6E969BC9-0D76-4132-9FF9-11EECCE978F7}
	EndGlobalSection
EndGlobal
